
Microsoft Visual Studio Solution File, Format Version 12.00
# Visual Studio 15
VisualStudioVersion = 15.0.27703.2035
MinimumVisualStudioVersion = 10.0.40219.1
Project("{FAE04EC0-301F-11D3-BF4B-00C04F79EFBC}") = "Antra", "Antra\Antra.csproj", "{AD1B4821-B47D-4990-9B19-7E10FA634A81}"
EndProject
Global
	GlobalSection(SolutionConfigurationPlatforms) = preSolution
		Debug|Any CPU = Debug|Any CPU
		Release|Any CPU = Release|Any CPU
	EndGlobalSection
	GlobalSection(ProjectConfigurationPlatforms) = postSolution
		{AD1B4821-B47D-4990-9B19-7E10FA634A81}.Debug|Any CPU.ActiveCfg = Debug|Any CPU
		{AD1B4821-B47D-4990-9B19-7E10FA634A81}.Debug|Any CPU.Build.0 = Debug|Any CPU
		{AD1B4821-B47D-4990-9B19-7E10FA634A81}.Release|Any CPU.ActiveCfg = Release|Any CPU
		{AD1B4821-B47D-4990-9B19-7E10FA634A81}.Release|Any CPU.Build.0 = Release|Any CPU
	EndGlobalSection
	GlobalSection(SolutionProperties) = preSolution
		HideSolutionNode = FALSE
	EndGlobalSection
	GlobalSection(ExtensibilityGlobals) = postSolution
		SolutionGuid = {8E2B2BD2-BBCB-4389-970F-77B4651863A3}
	EndGlobalSection
EndGlobal
